// !$*UTF8*$!
{
	archiveVersion = 1;
	classes = {
	};
	objectVersion = 46;
	objects = {

/* Begin PBXBuildFile section */
		00BDB9B71D046AD500B10EC0 /* AppDelegate.swift in Sources */ = {isa = PBXBuildFile; fileRef = 00BDB9AF1D046AD500B10EC0 /* AppDelegate.swift */; };
		00BDB9B81D046AD500B10EC0 /* Assets.xcassets in Resources */ = {isa = PBXBuildFile; fileRef = 00BDB9B01D046AD500B10EC0 /* Assets.xcassets */; };
		00BDB9B91D046AD500B10EC0 /* ATLProgramatical1ViewController.swift in Sources */ = {isa = PBXBuildFile; fileRef = 00BDB9B11D046AD500B10EC0 /* ATLProgramatical1ViewController.swift */; };
		00BDB9BA1D046AD500B10EC0 /* LaunchScreen.storyboard in Resources */ = {isa = PBXBuildFile; fileRef = 00BDB9B21D046AD500B10EC0 /* LaunchScreen.storyboard */; };
		00BDB9BB1D046AD500B10EC0 /* Main.storyboard in Resources */ = {isa = PBXBuildFile; fileRef = 00BDB9B41D046AD500B10EC0 /* Main.storyboard */; };
/* End PBXBuildFile section */

/* Begin PBXFileReference section */
		00BDB9AF1D046AD500B10EC0 /* AppDelegate.swift */ = {isa = PBXFileReference; fileEncoding = 4; lastKnownFileType = sourcecode.swift; path = AppDelegate.swift; sourceTree = "<group>"; };
		00BDB9B01D046AD500B10EC0 /* Assets.xcassets */ = {isa = PBXFileReference; lastKnownFileType = folder.assetcatalog; path = Assets.xcassets; sourceTree = "<group>"; };
		00BDB9B11D046AD500B10EC0 /* ATLProgramatical1ViewController.swift */ = {isa = PBXFileReference; fileEncoding = 4; lastKnownFileType = sourcecode.swift; path = ATLProgramatical1ViewController.swift; sourceTree = "<group>"; };
		00BDB9B31D046AD500B10EC0 /* Base */ = {isa = PBXFileReference; lastKnownFileType = file.storyboard; name = Base; path = Base.lproj/LaunchScreen.storyboard; sourceTree = "<group>"; };
		00BDB9B51D046AD500B10EC0 /* Base */ = {isa = PBXFileReference; lastKnownFileType = file.storyboard; name = Base; path = Base.lproj/Main.storyboard; sourceTree = "<group>"; };
		00BDB9B61D046AD500B10EC0 /* Info.plist */ = {isa = PBXFileReference; fileEncoding = 4; lastKnownFileType = text.plist.xml; path = Info.plist; sourceTree = "<group>"; };
		00C4ABED1D03EE2B00B4BEAD /* AutolayoutExamples.app */ = {isa = PBXFileReference; explicitFileType = wrapper.application; includeInIndex = 0; path = AutolayoutExamples.app; sourceTree = BUILT_PRODUCTS_DIR; };
/* End PBXFileReference section */

/* Begin PBXFrameworksBuildPhase section */
		00C4ABEA1D03EE2B00B4BEAD /* Frameworks */ = {
			isa = PBXFrameworksBuildPhase;
			buildActionMask = 2147483647;
			files = (
			);
			runOnlyForDeploymentPostprocessing = 0;
		};
/* End PBXFrameworksBuildPhase section */

/* Begin PBXGroup section */
		00BDB9AE1D046AD500B10EC0 /* AutolayoutExamples */ = {
			isa = PBXGroup;
			children = (
				00BDB9AF1D046AD500B10EC0 /* AppDelegate.swift */,
				00BDB9B01D046AD500B10EC0 /* Assets.xcassets */,
				00BDB9B11D046AD500B10EC0 /* ATLProgramatical1ViewController.swift */,
				00BDB9B21D046AD500B10EC0 /* LaunchScreen.storyboard */,
				00BDB9B41D046AD500B10EC0 /* Main.storyboard */,
				00BDB9B61D046AD500B10EC0 /* Info.plist */,
			);
			path = AutolayoutExamples;
			sourceTree = "<group>";
		};
		00C4ABE41D03EE2B00B4BEAD = {
			isa = PBXGroup;
			children = (
				00BDB9AE1D046AD500B10EC0 /* AutolayoutExamples */,
				00C4ABEE1D03EE2B00B4BEAD /* Products */,
			);
			sourceTree = "<group>";
		};
		00C4ABEE1D03EE2B00B4BEAD /* Products */ = {
			isa = PBXGroup;
			children = (
				00C4ABED1D03EE2B00B4BEAD /* AutolayoutExamples.app */,
			);
			name = Products;
			sourceTree = "<group>";
		};
/* End PBXGroup section */

/* Begin PBXNativeTarget section */
		00C4ABEC1D03EE2B00B4BEAD /* AutolayoutExamples */ = {
			isa = PBXNativeTarget;
			buildConfigurationList = 00C4ABFF1D03EE2B00B4BEAD /* Build configuration list for PBXNativeTarget "AutolayoutExamples" */;
			buildPhases = (
				00C4ABE91D03EE2B00B4BEAD /* Sources */,
				00C4ABEA1D03EE2B00B4BEAD /* Frameworks */,
				00C4ABEB1D03EE2B00B4BEAD /* Resources */,
			);
			buildRules = (
			);
			dependencies = (
			);
			name = AutolayoutExamples;
			productName = AutolayoutExanples;
			productReference = 00C4ABED1D03EE2B00B4BEAD /* AutolayoutExamples.app */;
			productType = "com.apple.product-type.application";
		};
/* End PBXNativeTarget section */

/* Begin PBXProject section */
		00C4ABE51D03EE2B00B4BEAD /* Project object */ = {
			isa = PBXProject;
			attributes = {
				LastSwiftUpdateCheck = 0730;
				LastUpgradeCheck = 0730;
				ORGANIZATIONNAME = "Pham Chi Cong";
				TargetAttributes = {
					00C4ABEC1D03EE2B00B4BEAD = {
						CreatedOnToolsVersion = 7.3;
					};
				};
			};
			buildConfigurationList = 00C4ABE81D03EE2B00B4BEAD /* Build configuration list for PBXProject "AutolayoutExamples" */;
			compatibilityVersion = "Xcode 3.2";
			developmentRegion = English;
			hasScannedForEncodings = 0;
			knownRegions = (
				en,
				Base,
			);
			mainGroup = 00C4ABE41D03EE2B00B4BEAD;
			productRefGroup = 00C4ABEE1D03EE2B00B4BEAD /* Products */;
			projectDirPath = "";
			projectRoot = "";
			targets = (
				00C4ABEC1D03EE2B00B4BEAD /* AutolayoutExamples */,
			);
		};
/* End PBXProject section */

/* Begin PBXResourcesBuildPhase section */
		00C4ABEB1D03EE2B00B4BEAD /* Resources */ = {
			isa = PBXResourcesBuildPhase;
			buildActionMask = 2147483647;
			files = (
				00BDB9BB1D046AD500B10EC0 /* Main.storyboard in Resources */,
				00BDB9B81D046AD500B10EC0 /* Assets.xcassets in Resources */,
				00BDB9BA1D046AD500B10EC0 /* LaunchScreen.storyboard in Resources */,
			);
			runOnlyForDeploymentPostprocessing = 0;
		};
/* End PBXResourcesBuildPhase section */

/* Begin PBXSourcesBuildPhase section */
		00C4ABE91D03EE2B00B4BEAD /* Sources */ = {
			isa = PBXSourcesBuildPhase;
			buildActionMask = 2147483647;
			files = (
				00BDB9B71D046AD500B10EC0 /* AppDelegate.swift in Sources */,
				00BDB9B91D046AD500B10EC0 /* ATLProgramatical1ViewController.swift in Sources */,
			);
			runOnlyForDeploymentPostprocessing = 0;
		};
/* End PBXSourcesBuildPhase section */

/* Begin PBXVariantGroup section */
		00BDB9B21D046AD500B10EC0 /* LaunchScreen.storyboard */ = {
			isa = PBXVariantGroup;
			children = (
				00BDB9B31D046AD500B10EC0 /* Base */,
			);
			name = LaunchScreen.storyboard;
			sourceTree = "<group>";
		};
		00BDB9B41D046AD500B10EC0 /* Main.storyboard */ = {
			isa = PBXVariantGroup;
			children = (
				00BDB9B51D046AD500B10EC0 /* Base */,
			);
			name = Main.storyboard;
			sourceTree = "<group>";
		};
/* End PBXVariantGroup section */

/* Begin XCBuildConfiguration section */
		00C4ABFD1D03EE2B00B4BEAD /* Debug */ = {
			isa = XCBuildConfiguration;
			buildSettings = {
				ALWAYS_SEARCH_USER_PATHS = NO;
				CLANG_ANALYZER_NONNULL = YES;
				CLANG_CXX_LANGUAGE_STANDARD = "gnu++0x";
				CLANG_CXX_LIBRARY = "libc++";
				CLANG_ENABLE_MODULES = YES;
				CLANG_ENABLE_OBJC_ARC = YES;
				CLANG_WARN_BOOL_CONVERSION = YES;
				CLANG_WARN_CONSTANT_CONVERSION = YES;
				CLANG_WARN_DIRECT_OBJC_ISA_USAGE = YES_ERROR;
				CLANG_WARN_EMPTY_BODY = YES;
				CLANG_WARN_ENUM_CONVERSION = YES;
				CLANG_WARN_INT_CONVERSION = YES;
				CLANG_WARN_OBJC_ROOT_CLASS = YES_ERROR;
				CLANG_WARN_UNREACHABLE_CODE = YES;
				CLANG_WARN__DUPLICATE_METHOD_MATCH = YES;
				"CODE_SIGN_IDENTITY[sdk=iphoneos*]" = "iPhone Developer";
				COPY_PHASE_STRIP = NO;
				DEBUG_INFORMATION_FORMAT = dwarf;
				ENABLE_STRICT_OBJC_MSGSEND = YES;
				ENABLE_TESTABILITY = YES;
				GCC_C_LANGUAGE_STANDARD = gnu99;
				GCC_DYNAMIC_NO_PIC = NO;
				GCC_NO_COMMON_BLOCKS = YES;
				GCC_OPTIMIZATION_LEVEL = 0;
				GCC_PREPROCESSOR_DEFINITIONS = (
					"DEBUG=1",
					"$(inherited)",
				);
				GCC_WARN_64_TO_32_BIT_CONVERSION = YES;
				GCC_WARN_ABOUT_RETURN_TYPE = YES_ERROR;
				GCC_WARN_UNDECLARED_SELECTOR = YES;
				GCC_WARN_UNINITIALIZED_AUTOS = YES_AGGRESSIVE;
				GCC_WARN_UNUSED_FUNCTION = YES;
				GCC_WARN_UNUSED_VARIABLE = YES;
				IPHONEOS_DEPLOYMENT_TARGET = 8.0;
				MTL_ENABLE_DEBUG_INFO = YES;
				ONLY_ACTIVE_ARCH = YES;
				SDKROOT = iphoneos;
				SWIFT_OPTIMIZATION_LEVEL = "-Onone";
				TARGETED_DEVICE_FAMILY = "1,2";
			};
			name = Debug;
		};
		00C4ABFE1D03EE2B00B4BEAD /* Release */ = {
			isa = XCBuildConfiguration;
			buildSettings = {
				ALWAYS_SEARCH_USER_PATHS = NO;
				CLANG_ANALYZER_NONNULL = YES;
				CLANG_CXX_LANGUAGE_STANDARD = "gnu++0x";
				CLANG_CXX_LIBRARY = "libc++";
				CLANG_ENABLE_MODULES = YES;
				CLANG_ENABLE_OBJC_ARC = YES;
				CLANG_WARN_BOOL_CONVERSION = YES;
				CLANG_WARN_CONSTANT_CONVERSION = YES;
				CLANG_WARN_DIRECT_OBJC_ISA_USAGE = YES_ERROR;
				CLANG_WARN_EMPTY_BODY = YES;
				CLANG_WARN_ENUM_CONVERSION = YES;
				CLANG_WARN_INT_CONVERSION = YES;
				CLANG_WARN_OBJC_ROOT_CLASS = YES_ERROR;
				CLANG_WARN_UNREACHABLE_CODE = YES;
				CLANG_WARN__DUPLICATE_METHOD_MATCH = YES;
				"CODE_SIGN_IDENTITY[sdk=iphoneos*]" = "iPhone Developer";
				COPY_PHASE_STRIP = NO;
				DEBUG_INFORMATION_FORMAT = "dwarf-with-dsym";
				ENABLE_NS_ASSERTIONS = NO;
				ENABLE_STRICT_OBJC_MSGSEND = YES;
				GCC_C_LANGUAGE_STANDARD = gnu99;
				GCC_NO_COMMON_BLOCKS = YES;
				GCC_WARN_64_TO_32_BIT_CONVERSION = YES;
				GCC_WARN_ABOUT_RETURN_TYPE = YES_ERROR;
				GCC_WARN_UNDECLARED_SELECTOR = YES;
				GCC_WARN_UNINITIALIZED_AUTOS = YES_AGGRESSIVE;
				GCC_WARN_UNUSED_FUNCTION = YES;
				GCC_WARN_UNUSED_VARIABLE = YES;
				IPHONEOS_DEPLOYMENT_TARGET = 8.0;
				MTL_ENABLE_DEBUG_INFO = NO;
				SDKROOT = iphoneos;
				TARGETED_DEVICE_FAMILY = "1,2";
				VALIDATE_PRODUCT = YES;
			};
			name = Release;
		};
		00C4AC001D03EE2B00B4BEAD /* Debug */ = {
			isa = XCBuildConfiguration;
			buildSettings = {
				ASSETCATALOG_COMPILER_APPICON_NAME = AppIcon;
				INFOPLIST_FILE = AutolayoutExamples/Info.plist;
				LD_RUNPATH_SEARCH_PATHS = "$(inherited) @executable_path/Frameworks";
				PRODUCT_BUNDLE_IDENTIFIER = congpc.ios.AutolayoutExamples;
				PRODUCT_NAME = AutolayoutExamples;
			};
			name = Debug;
		};
		00C4AC011D03EE2B00B4BEAD /* Release */ = {
			isa = XCBuildConfiguration;
			buildSettings = {
				ASSETCATALOG_COMPILER_APPICON_NAME = AppIcon;
				INFOPLIST_FILE = AutolayoutExamples/Info.plist;
				LD_RUNPATH_SEARCH_PATHS = "$(inherited) @executable_path/Frameworks";
				PRODUCT_BUNDLE_IDENTIFIER = congpc.ios.AutolayoutExamples;
				PRODUCT_NAME = AutolayoutExamples;
			};
			name = Release;
		};
/* End XCBuildConfiguration section */

/* Begin XCConfigurationList section */
		00C4ABE81D03EE2B00B4BEAD /* Build configuration list for PBXProject "AutolayoutExamples" */ = {
			isa = XCConfigurationList;
			buildConfigurations = (
				00C4ABFD1D03EE2B00B4BEAD /* Debug */,
				00C4ABFE1D03EE2B00B4BEAD /* Release */,
			);
			defaultConfigurationIsVisible = 0;
			defaultConfigurationName = Release;
		};
		00C4ABFF1D03EE2B00B4BEAD /* Build configuration list for PBXNativeTarget "AutolayoutExamples" */ = {
			isa = XCConfigurationList;
			buildConfigurations = (
				00C4AC001D03EE2B00B4BEAD /* Debug */,
				00C4AC011D03EE2B00B4BEAD /* Release */,
			);
			defaultConfigurationIsVisible = 0;
			defaultConfigurationName = Release;
		};
/* End XCConfigurationList section */
	};
	rootObject = 00C4ABE51D03EE2B00B4BEAD /* Project object */;
}
